
Microsoft Visual Studio Solution File, Format Version 12.00
# Visual Studio Version 17
VisualStudioVersion = 17.6.33723.286
MinimumVisualStudioVersion = 10.0.40219.1
Project("{FAE04EC0-301F-11D3-BF4B-00C04F79EFBC}") = "functions-methods", "functions-methods.csproj", "{E01F415C-DBF5-499F-8D7A-4FB23DFBEB0D}"
EndProject
Global
	GlobalSection(SolutionConfigurationPlatforms) = preSolution
		Debug|Any CPU = Debug|Any CPU
		Release|Any CPU = Release|Any CPU
	EndGlobalSection
	GlobalSection(ProjectConfigurationPlatforms) = postSolution
		{E01F415C-DBF5-499F-8D7A-4FB23DFBEB0D}.Debug|Any CPU.ActiveCfg = Debug|Any CPU
		{E01F415C-DBF5-499F-8D7A-4FB23DFBEB0D}.Debug|Any CPU.Build.0 = Debug|Any CPU
		{E01F415C-DBF5-499F-8D7A-4FB23DFBEB0D}.Release|Any CPU.ActiveCfg = Release|Any CPU
		{E01F415C-DBF5-499F-8D7A-4FB23DFBEB0D}.Release|Any CPU.Build.0 = Release|Any CPU
	EndGlobalSection
	GlobalSection(SolutionProperties) = preSolution
		HideSolutionNode = FALSE
	EndGlobalSection
	GlobalSection(ExtensibilityGlobals) = postSolution
		SolutionGuid = {1CE3C140-41C7-4437-9B55-B0344382DE34}
	EndGlobalSection
EndGlobal
